
Microsoft Visual Studio Solution File, Format Version 12.00
# Visual Studio Version 16
VisualStudioVersion = 16.0.30114.105
MinimumVisualStudioVersion = 10.0.40219.1
Project("{FAE04EC0-301F-11D3-BF4B-00C04F79EFBC}") = "API", "API\API.csproj", "{6790292A-48A1-4FE1-B60A-A0D24D8196A2}"
EndProject
Project("{FAE04EC0-301F-11D3-BF4B-00C04F79EFBC}") = "Core", "Core\Core.csproj", "{58269DD3-F46A-45F5-B489-CD43ECEA051F}"
EndProject
Project("{FAE04EC0-301F-11D3-BF4B-00C04F79EFBC}") = "Infrastructure", "Infrastructure\Infrastructure.csproj", "{F286BFC4-661C-401D-BD06-F6BDB6956C68}"
EndProject
Global
	GlobalSection(SolutionConfigurationPlatforms) = preSolution
		Debug|Any CPU = Debug|Any CPU
		Release|Any CPU = Release|Any CPU
	EndGlobalSection
	GlobalSection(SolutionProperties) = preSolution
		HideSolutionNode = FALSE
	EndGlobalSection
	GlobalSection(ProjectConfigurationPlatforms) = postSolution
		{6790292A-48A1-4FE1-B60A-A0D24D8196A2}.Debug|Any CPU.ActiveCfg = Debug|Any CPU
		{6790292A-48A1-4FE1-B60A-A0D24D8196A2}.Debug|Any CPU.Build.0 = Debug|Any CPU
		{6790292A-48A1-4FE1-B60A-A0D24D8196A2}.Release|Any CPU.ActiveCfg = Release|Any CPU
		{6790292A-48A1-4FE1-B60A-A0D24D8196A2}.Release|Any CPU.Build.0 = Release|Any CPU
		{58269DD3-F46A-45F5-B489-CD43ECEA051F}.Debug|Any CPU.ActiveCfg = Debug|Any CPU
		{58269DD3-F46A-45F5-B489-CD43ECEA051F}.Debug|Any CPU.Build.0 = Debug|Any CPU
		{58269DD3-F46A-45F5-B489-CD43ECEA051F}.Release|Any CPU.ActiveCfg = Release|Any CPU
		{58269DD3-F46A-45F5-B489-CD43ECEA051F}.Release|Any CPU.Build.0 = Release|Any CPU
		{F286BFC4-661C-401D-BD06-F6BDB6956C68}.Debug|Any CPU.ActiveCfg = Debug|Any CPU
		{F286BFC4-661C-401D-BD06-F6BDB6956C68}.Debug|Any CPU.Build.0 = Debug|Any CPU
		{F286BFC4-661C-401D-BD06-F6BDB6956C68}.Release|Any CPU.ActiveCfg = Release|Any CPU
		{F286BFC4-661C-401D-BD06-F6BDB6956C68}.Release|Any CPU.Build.0 = Release|Any CPU
	EndGlobalSection
EndGlobal
